
Microsoft Visual Studio Solution File, Format Version 12.00
# Visual Studio Version 17
VisualStudioVersion = 17.8.34322.80
MinimumVisualStudioVersion = 10.0.40219.1
Project("{9A19103F-16F7-4668-BE54-9A1E7A4F7556}") = "FilesToPdfA.Api", "FilesToPdfA\FilesToPdfA.Api\FilesToPdfA.Api.csproj", "{7506018D-897E-4326-8282-4F56E696576C}"
EndProject
Project("{9A19103F-16F7-4668-BE54-9A1E7A4F7556}") = "FilesToPdfA.Application", "FilesToPdfA\FilesToPdfA.Application\FilesToPdfA.Application.csproj", "{FC29F568-59E2-4DAB-BE21-F120BDC11E4A}"
EndProject
Global
	GlobalSection(SolutionConfigurationPlatforms) = preSolution
		Debug|Any CPU = Debug|Any CPU
		Release|Any CPU = Release|Any CPU
	EndGlobalSection
	GlobalSection(ProjectConfigurationPlatforms) = postSolution
		{7506018D-897E-4326-8282-4F56E696576C}.Debug|Any CPU.ActiveCfg = Debug|Any CPU
		{7506018D-897E-4326-8282-4F56E696576C}.Debug|Any CPU.Build.0 = Debug|Any CPU
		{7506018D-897E-4326-8282-4F56E696576C}.Release|Any CPU.ActiveCfg = Release|Any CPU
		{7506018D-897E-4326-8282-4F56E696576C}.Release|Any CPU.Build.0 = Release|Any CPU
		{FC29F568-59E2-4DAB-BE21-F120BDC11E4A}.Debug|Any CPU.ActiveCfg = Debug|Any CPU
		{FC29F568-59E2-4DAB-BE21-F120BDC11E4A}.Debug|Any CPU.Build.0 = Debug|Any CPU
		{FC29F568-59E2-4DAB-BE21-F120BDC11E4A}.Release|Any CPU.ActiveCfg = Release|Any CPU
		{FC29F568-59E2-4DAB-BE21-F120BDC11E4A}.Release|Any CPU.Build.0 = Release|Any CPU
	EndGlobalSection
	GlobalSection(SolutionProperties) = preSolution
		HideSolutionNode = FALSE
	EndGlobalSection
	GlobalSection(ExtensibilityGlobals) = postSolution
		SolutionGuid = {69D99BCE-CC44-4668-846A-BD42D23514EC}
	EndGlobalSection
EndGlobal
